
Microsoft Visual Studio Solution File, Format Version 12.00
# Visual Studio Version 17
VisualStudioVersion = 17.3.32922.545
MinimumVisualStudioVersion = 10.0.40219.1
Project("{FAE04EC0-301F-11D3-BF4B-00C04F79EFBC}") = "GymManagement", "GymManagement\GymManagement.csproj", "{33EC98E4-A7D8-4320-824A-F3801E8D3DBC}"
EndProject
Global
	GlobalSection(SolutionConfigurationPlatforms) = preSolution
		Debug|Any CPU = Debug|Any CPU
		Release|Any CPU = Release|Any CPU
	EndGlobalSection
	GlobalSection(ProjectConfigurationPlatforms) = postSolution
		{33EC98E4-A7D8-4320-824A-F3801E8D3DBC}.Debug|Any CPU.ActiveCfg = Debug|Any CPU
		{33EC98E4-A7D8-4320-824A-F3801E8D3DBC}.Debug|Any CPU.Build.0 = Debug|Any CPU
		{33EC98E4-A7D8-4320-824A-F3801E8D3DBC}.Release|Any CPU.ActiveCfg = Release|Any CPU
		{33EC98E4-A7D8-4320-824A-F3801E8D3DBC}.Release|Any CPU.Build.0 = Release|Any CPU
	EndGlobalSection
	GlobalSection(SolutionProperties) = preSolution
		HideSolutionNode = FALSE
	EndGlobalSection
	GlobalSection(ExtensibilityGlobals) = postSolution
		SolutionGuid = {31229AF2-DE83-46F5-BCF2-1E56F18D59E7}
	EndGlobalSection
EndGlobal
